
Microsoft Visual Studio Solution File, Format Version 12.00
# Visual Studio 14
VisualStudioVersion = 14.0.24720.0
MinimumVisualStudioVersion = 10.0.40219.1
Project("{888888A0-9F3D-457C-B088-3A5042F75D52}") = "PythonApplication2", "PythonApplication2\PythonApplication2.pyproj", "{1891487E-A95F-4AEF-BB36-CF4910692938}"
EndProject
Project("{888888A0-9F3D-457C-B088-3A5042F75D52}") = "123", "123\123.pyproj", "{4DFECF01-A1DE-4A1D-ABCD-B3FCA7950045}"
EndProject
Project("{888888A0-9F3D-457C-B088-3A5042F75D52}") = "task_worker", "task_worker\task_worker.pyproj", "{76AF60E8-E636-4748-A18E-7334927E07E3}"
EndProject
Global
	GlobalSection(SolutionConfigurationPlatforms) = preSolution
		Debug|Any CPU = Debug|Any CPU
		Release|Any CPU = Release|Any CPU
	EndGlobalSection
	GlobalSection(ProjectConfigurationPlatforms) = postSolution
		{1891487E-A95F-4AEF-BB36-CF4910692938}.Debug|Any CPU.ActiveCfg = Debug|Any CPU
		{1891487E-A95F-4AEF-BB36-CF4910692938}.Release|Any CPU.ActiveCfg = Release|Any CPU
		{4DFECF01-A1DE-4A1D-ABCD-B3FCA7950045}.Debug|Any CPU.ActiveCfg = Debug|Any CPU
		{4DFECF01-A1DE-4A1D-ABCD-B3FCA7950045}.Release|Any CPU.ActiveCfg = Release|Any CPU
		{76AF60E8-E636-4748-A18E-7334927E07E3}.Debug|Any CPU.ActiveCfg = Debug|Any CPU
		{76AF60E8-E636-4748-A18E-7334927E07E3}.Release|Any CPU.ActiveCfg = Release|Any CPU
	EndGlobalSection
	GlobalSection(SolutionProperties) = preSolution
		HideSolutionNode = FALSE
	EndGlobalSection
EndGlobal
